
Microsoft Visual Studio Solution File, Format Version 12.00
# Visual Studio Version 17
VisualStudioVersion = 17.11.35327.3
MinimumVisualStudioVersion = 10.0.40219.1
Project("{FAE04EC0-301F-11D3-BF4B-00C04F79EFBC}") = "View", "View\View.csproj", "{D7ED04AC-54C4-4242-912D-8A5B4C456439}"
EndProject
Global
	GlobalSection(SolutionConfigurationPlatforms) = preSolution
		Debug|Any CPU = Debug|Any CPU
		Release|Any CPU = Release|Any CPU
	EndGlobalSection
	GlobalSection(ProjectConfigurationPlatforms) = postSolution
		{D7ED04AC-54C4-4242-912D-8A5B4C456439}.Debug|Any CPU.ActiveCfg = Debug|Any CPU
		{D7ED04AC-54C4-4242-912D-8A5B4C456439}.Debug|Any CPU.Build.0 = Debug|Any CPU
		{D7ED04AC-54C4-4242-912D-8A5B4C456439}.Release|Any CPU.ActiveCfg = Release|Any CPU
		{D7ED04AC-54C4-4242-912D-8A5B4C456439}.Release|Any CPU.Build.0 = Release|Any CPU
	EndGlobalSection
	GlobalSection(SolutionProperties) = preSolution
		HideSolutionNode = FALSE
	EndGlobalSection
	GlobalSection(ExtensibilityGlobals) = postSolution
		SolutionGuid = {9420417F-6CAC-4FF4-8F65-626B07828E97}
	EndGlobalSection
EndGlobal
